{
  "nodes": {
    "devenv": {
      "locked": {
        "dir": "src/modules",
        "lastModified": 1775823649,
        "narHash": "sha256-qJNTkrtJMoczAnO/7ncQOdjtOpV3VTPgQthJrwVXvww=",
        "owner": "cachix",
        "repo": "devenv",
        "rev": "03d6ca7b083bf34726cd7ce303942f2ee05e00e0",
        "type": "github"
      },
      "original": {
        "dir": "src/modules",
        "owner": "cachix",
        "repo": "devenv",
        "type": "github"
      }
    },
    "nixpkgs": {
      "inputs": {
        "nixpkgs-src": "nixpkgs-src"
      },
      "locked": {
        "lastModified": 1774287239,
        "narHash": "sha256-W3krsWcDwYuA3gPWsFA24YAXxOFUL6iIlT6IknAoNSE=",
        "owner": "cachix",
        "repo": "devenv-nixpkgs",
        "rev": "fa7125ea7f1ae5430010a6e071f68375a39bd24c",
        "type": "github"
      },
      "original": {
        "owner": "cachix",
        "ref": "rolling",
        "repo": "devenv-nixpkgs",
        "type": "github"
      }
    },
    "nixpkgs-src": {
      "flake": false,
      "locked": {
        "lastModified": 1773840656,
        "narHash": "sha256-9tpvMGFteZnd3gRQZFlRCohVpqooygFuy9yjuyRL2C0=",
        "owner": "NixOS",
        "repo": "nixpkgs",
        "rev": "9cf7092bdd603554bd8b63c216e8943cf9b12512",
        "type": "github"
      },
      "original": {
        "owner": "NixOS",
        "ref": "nixpkgs-unstable",
        "repo": "nixpkgs",
        "type": "github"
      }
    },
    "root": {
      "inputs": {
        "devenv": "devenv",
        "nixpkgs": "nixpkgs"
      }
    }
  },
  "root": "root",
  "version": 7
}
